
Microsoft Visual Studio Solution File, Format Version 12.00
# Visual Studio Version 17
VisualStudioVersion = 17.10.35027.167
MinimumVisualStudioVersion = 10.0.40219.1
Project("{FAE04EC0-301F-11D3-BF4B-00C04F79EFBC}") = "MVCPROJESI", "MVCPROJESI\MVCPROJESI.csproj", "{CF7A6938-3D9F-427C-9B8F-3197D715F749}"
EndProject
Global
	GlobalSection(SolutionConfigurationPlatforms) = preSolution
		Debug|Any CPU = Debug|Any CPU
		Release|Any CPU = Release|Any CPU
	EndGlobalSection
	GlobalSection(ProjectConfigurationPlatforms) = postSolution
		{CF7A6938-3D9F-427C-9B8F-3197D715F749}.Debug|Any CPU.ActiveCfg = Debug|Any CPU
		{CF7A6938-3D9F-427C-9B8F-3197D715F749}.Debug|Any CPU.Build.0 = Debug|Any CPU
		{CF7A6938-3D9F-427C-9B8F-3197D715F749}.Release|Any CPU.ActiveCfg = Release|Any CPU
		{CF7A6938-3D9F-427C-9B8F-3197D715F749}.Release|Any CPU.Build.0 = Release|Any CPU
	EndGlobalSection
	GlobalSection(SolutionProperties) = preSolution
		HideSolutionNode = FALSE
	EndGlobalSection
	GlobalSection(ExtensibilityGlobals) = postSolution
		SolutionGuid = {B176556A-D1A6-43A2-BE60-ED354A0F2D98}
	EndGlobalSection
EndGlobal
